{
  "version": 4,
  "terraform_version": "1.4.6",
  "serial": 136,
  "lineage": "185bbd69-6dac-caf2-9729-2607202bb192",
  "outputs": {},
  "resources": [
    {
      "module": "module.VPC",
      "mode": "managed",
      "type": "aws_eip",
      "name": "nat",
      "provider": "provider[\"registry.terraform.io/hashicorp/aws\"]",
      "instances": [
        {
          "schema_version": 0,
          "attributes": {
            "address": null,
            "allocation_id": "eipalloc-0dc0f731096c8122f",
            "associate_with_private_ip": null,
            "association_id": "eipassoc-0e4e0f61f6e264a6a",
            "carrier_ip": "",
            "customer_owned_ip": "",
            "customer_owned_ipv4_pool": "",
            "domain": "vpc",
            "id": "eipalloc-0dc0f731096c8122f",
            "instance": "",
            "network_border_group": "us-east-1",
            "network_interface": "eni-05a33d0452f28e57f",
            "private_dns": "ip-10-0-76-18.ec2.internal",
            "private_ip": "10.0.76.18",
            "public_dns": "ec2-44-213-205-0.compute-1.amazonaws.com",
            "public_ip": "44.213.205.0",
            "public_ipv4_pool": "amazon",
            "tags": {
              "Name": "nat"
            },
            "tags_all": {
              "Name": "nat"
            },
            "timeouts": null,
            "vpc": true
          },
          "sensitive_attributes": [],
          "private": "eyJlMmJmYjczMC1lY2FhLTExZTYtOGY4OC0zNDM2M2JjN2M0YzAiOnsiZGVsZXRlIjoxODAwMDAwMDAwMDAsInJlYWQiOjkwMDAwMDAwMDAwMCwidXBkYXRlIjozMDAwMDAwMDAwMDB9fQ=="
        }
      ]
    },
    {
      "module": "module.VPC",
      "mode": "managed",
      "type": "aws_internet_gateway",
      "name": "igw",
      "provider": "provider[\"registry.terraform.io/hashicorp/aws\"]",
      "instances": [
        {
          "schema_version": 0,
          "attributes": {
            "arn": "arn:aws:ec2:us-east-1:712424230300:internet-gateway/igw-07b5dbfc19181e87a",
            "id": "igw-07b5dbfc19181e87a",
            "owner_id": "712424230300",
            "tags": {
              "Name": "igw"
            },
            "tags_all": {
              "Name": "igw"
            },
            "timeouts": null,
            "vpc_id": "vpc-07a02d8562d9c6687"
          },
          "sensitive_attributes": [],
          "private": "eyJlMmJmYjczMC1lY2FhLTExZTYtOGY4OC0zNDM2M2JjN2M0YzAiOnsiY3JlYXRlIjoxMjAwMDAwMDAwMDAwLCJkZWxldGUiOjEyMDAwMDAwMDAwMDAsInVwZGF0ZSI6MTIwMDAwMDAwMDAwMH19",
          "dependencies": [
            "module.VPC.aws_vpc.main"
          ]
        }
      ]
    },
    {
      "module": "module.VPC",
      "mode": "managed",
      "type": "aws_nat_gateway",
      "name": "nat",
      "provider": "provider[\"registry.terraform.io/hashicorp/aws\"]",
      "instances": [
        {
          "schema_version": 0,
          "attributes": {
            "allocation_id": "eipalloc-0dc0f731096c8122f",
            "connectivity_type": "public",
            "id": "nat-03ac95a8e9cf2b263",
            "network_interface_id": "eni-05a33d0452f28e57f",
            "private_ip": "10.0.76.18",
            "public_ip": "44.213.205.0",
            "subnet_id": "subnet-0998b90b4930c6317",
            "tags": {
              "Name": "nat"
            },
            "tags_all": {
              "Name": "nat"
            }
          },
          "sensitive_attributes": [],
          "private": "bnVsbA==",
          "dependencies": [
            "module.VPC.aws_eip.nat",
            "module.VPC.aws_subnet.public_us_east_1a",
            "module.VPC.aws_vpc.main"
          ]
        }
      ]
    },
    {
      "module": "module.VPC",
      "mode": "managed",
      "type": "aws_route_table",
      "name": "private",
      "provider": "provider[\"registry.terraform.io/hashicorp/aws\"]",
      "instances": [
        {
          "schema_version": 0,
          "attributes": {
            "arn": "arn:aws:ec2:us-east-1:712424230300:route-table/rtb-0f8cbedfe75c78740",
            "id": "rtb-0f8cbedfe75c78740",
            "owner_id": "712424230300",
            "propagating_vgws": [],
            "route": [
              {
                "carrier_gateway_id": "",
                "cidr_block": "0.0.0.0/0",
                "core_network_arn": "",
                "destination_prefix_list_id": "",
                "egress_only_gateway_id": "",
                "gateway_id": "",
                "instance_id": "",
                "ipv6_cidr_block": "",
                "local_gateway_id": "",
                "nat_gateway_id": "nat-03ac95a8e9cf2b263",
                "network_interface_id": "",
                "transit_gateway_id": "",
                "vpc_endpoint_id": "",
                "vpc_peering_connection_id": ""
              }
            ],
            "tags": {
              "Name": "private"
            },
            "tags_all": {
              "Name": "private"
            },
            "timeouts": null,
            "vpc_id": "vpc-07a02d8562d9c6687"
          },
          "sensitive_attributes": [],
          "private": "eyJlMmJmYjczMC1lY2FhLTExZTYtOGY4OC0zNDM2M2JjN2M0YzAiOnsiY3JlYXRlIjozMDAwMDAwMDAwMDAsImRlbGV0ZSI6MzAwMDAwMDAwMDAwLCJ1cGRhdGUiOjEyMDAwMDAwMDAwMH19",
          "dependencies": [
            "module.VPC.aws_eip.nat",
            "module.VPC.aws_nat_gateway.nat",
            "module.VPC.aws_subnet.public_us_east_1a",
            "module.VPC.aws_vpc.main"
          ]
        }
      ]
    },
    {
      "module": "module.VPC",
      "mode": "managed",
      "type": "aws_route_table",
      "name": "public",
      "provider": "provider[\"registry.terraform.io/hashicorp/aws\"]",
      "instances": [
        {
          "schema_version": 0,
          "attributes": {
            "arn": "arn:aws:ec2:us-east-1:712424230300:route-table/rtb-0d6269459b10490fc",
            "id": "rtb-0d6269459b10490fc",
            "owner_id": "712424230300",
            "propagating_vgws": [],
            "route": [
              {
                "carrier_gateway_id": "",
                "cidr_block": "0.0.0.0/0",
                "core_network_arn": "",
                "destination_prefix_list_id": "",
                "egress_only_gateway_id": "",
                "gateway_id": "igw-07b5dbfc19181e87a",
                "instance_id": "",
                "ipv6_cidr_block": "",
                "local_gateway_id": "",
                "nat_gateway_id": "",
                "network_interface_id": "",
                "transit_gateway_id": "",
                "vpc_endpoint_id": "",
                "vpc_peering_connection_id": ""
              }
            ],
            "tags": {
              "Name": "public"
            },
            "tags_all": {
              "Name": "public"
            },
            "timeouts": null,
            "vpc_id": "vpc-07a02d8562d9c6687"
          },
          "sensitive_attributes": [],
          "private": "eyJlMmJmYjczMC1lY2FhLTExZTYtOGY4OC0zNDM2M2JjN2M0YzAiOnsiY3JlYXRlIjozMDAwMDAwMDAwMDAsImRlbGV0ZSI6MzAwMDAwMDAwMDAwLCJ1cGRhdGUiOjEyMDAwMDAwMDAwMH19",
          "dependencies": [
            "module.VPC.aws_internet_gateway.igw",
            "module.VPC.aws_vpc.main"
          ]
        }
      ]
    },
    {
      "module": "module.VPC",
      "mode": "managed",
      "type": "aws_route_table_association",
      "name": "private_us_east_1a",
      "provider": "provider[\"registry.terraform.io/hashicorp/aws\"]",
      "instances": [
        {
          "schema_version": 0,
          "attributes": {
            "gateway_id": "",
            "id": "rtbassoc-0c88796b77a4d1620",
            "route_table_id": "rtb-0f8cbedfe75c78740",
            "subnet_id": "subnet-079d03cd02c91ec2f"
          },
          "sensitive_attributes": [],
          "private": "bnVsbA==",
          "dependencies": [
            "module.VPC.aws_eip.nat",
            "module.VPC.aws_nat_gateway.nat",
            "module.VPC.aws_route_table.private",
            "module.VPC.aws_subnet.private_us_east_1a",
            "module.VPC.aws_subnet.public_us_east_1a",
            "module.VPC.aws_vpc.main"
          ]
        }
      ]
    },
    {
      "module": "module.VPC",
      "mode": "managed",
      "type": "aws_route_table_association",
      "name": "private_us_east_1b",
      "provider": "provider[\"registry.terraform.io/hashicorp/aws\"]",
      "instances": [
        {
          "schema_version": 0,
          "attributes": {
            "gateway_id": "",
            "id": "rtbassoc-020e9eeb6ebbf587a",
            "route_table_id": "rtb-0f8cbedfe75c78740",
            "subnet_id": "subnet-0a4743bef6d674c9a"
          },
          "sensitive_attributes": [],
          "private": "bnVsbA==",
          "dependencies": [
            "module.VPC.aws_eip.nat",
            "module.VPC.aws_nat_gateway.nat",
            "module.VPC.aws_route_table.private",
            "module.VPC.aws_subnet.private_us_east_1b",
            "module.VPC.aws_subnet.public_us_east_1a",
            "module.VPC.aws_vpc.main"
          ]
        }
      ]
    },
    {
      "module": "module.VPC",
      "mode": "managed",
      "type": "aws_route_table_association",
      "name": "public_us_east_1a",
      "provider": "provider[\"registry.terraform.io/hashicorp/aws\"]",
      "instances": [
        {
          "schema_version": 0,
          "attributes": {
            "gateway_id": "",
            "id": "rtbassoc-097bb65d0230b053f",
            "route_table_id": "rtb-0d6269459b10490fc",
            "subnet_id": "subnet-0998b90b4930c6317"
          },
          "sensitive_attributes": [],
          "private": "bnVsbA==",
          "dependencies": [
            "module.VPC.aws_internet_gateway.igw",
            "module.VPC.aws_route_table.public",
            "module.VPC.aws_subnet.public_us_east_1a",
            "module.VPC.aws_vpc.main"
          ]
        }
      ]
    },
    {
      "module": "module.VPC",
      "mode": "managed",
      "type": "aws_route_table_association",
      "name": "public_us_east_1b",
      "provider": "provider[\"registry.terraform.io/hashicorp/aws\"]",
      "instances": [
        {
          "schema_version": 0,
          "attributes": {
            "gateway_id": "",
            "id": "rtbassoc-087bda1d038d4140a",
            "route_table_id": "rtb-0d6269459b10490fc",
            "subnet_id": "subnet-0e79f0e82c61ecc6c"
          },
          "sensitive_attributes": [],
          "private": "bnVsbA==",
          "dependencies": [
            "module.VPC.aws_internet_gateway.igw",
            "module.VPC.aws_route_table.public",
            "module.VPC.aws_subnet.public_us_east_1b",
            "module.VPC.aws_vpc.main"
          ]
        }
      ]
    },
    {
      "module": "module.VPC",
      "mode": "managed",
      "type": "aws_subnet",
      "name": "private_us_east_1a",
      "provider": "provider[\"registry.terraform.io/hashicorp/aws\"]",
      "instances": [
        {
          "schema_version": 1,
          "attributes": {
            "arn": "arn:aws:ec2:us-east-1:712424230300:subnet/subnet-079d03cd02c91ec2f",
            "assign_ipv6_address_on_creation": false,
            "availability_zone": "us-east-1a",
            "availability_zone_id": "use1-az2",
            "cidr_block": "10.0.0.0/19",
            "customer_owned_ipv4_pool": "",
            "enable_dns64": false,
            "enable_resource_name_dns_a_record_on_launch": false,
            "enable_resource_name_dns_aaaa_record_on_launch": false,
            "id": "subnet-079d03cd02c91ec2f",
            "ipv6_cidr_block": "",
            "ipv6_cidr_block_association_id": "",
            "ipv6_native": false,
            "map_customer_owned_ip_on_launch": false,
            "map_public_ip_on_launch": true,
            "outpost_arn": "",
            "owner_id": "712424230300",
            "private_dns_hostname_type_on_launch": "ip-name",
            "tags": {
              "Name": "private-us-east-1a"
            },
            "tags_all": {
              "Name": "private-us-east-1a"
            },
            "timeouts": null,
            "vpc_id": "vpc-07a02d8562d9c6687"
          },
          "sensitive_attributes": [],
          "private": "eyJlMmJmYjczMC1lY2FhLTExZTYtOGY4OC0zNDM2M2JjN2M0YzAiOnsiY3JlYXRlIjo2MDAwMDAwMDAwMDAsImRlbGV0ZSI6MTIwMDAwMDAwMDAwMH0sInNjaGVtYV92ZXJzaW9uIjoiMSJ9",
          "dependencies": [
            "module.VPC.aws_vpc.main"
          ]
        }
      ]
    },
    {
      "module": "module.VPC",
      "mode": "managed",
      "type": "aws_subnet",
      "name": "private_us_east_1b",
      "provider": "provider[\"registry.terraform.io/hashicorp/aws\"]",
      "instances": [
        {
          "schema_version": 1,
          "attributes": {
            "arn": "arn:aws:ec2:us-east-1:712424230300:subnet/subnet-0a4743bef6d674c9a",
            "assign_ipv6_address_on_creation": false,
            "availability_zone": "us-east-1b",
            "availability_zone_id": "use1-az4",
            "cidr_block": "10.0.32.0/19",
            "customer_owned_ipv4_pool": "",
            "enable_dns64": false,
            "enable_resource_name_dns_a_record_on_launch": false,
            "enable_resource_name_dns_aaaa_record_on_launch": false,
            "id": "subnet-0a4743bef6d674c9a",
            "ipv6_cidr_block": "",
            "ipv6_cidr_block_association_id": "",
            "ipv6_native": false,
            "map_customer_owned_ip_on_launch": false,
            "map_public_ip_on_launch": true,
            "outpost_arn": "",
            "owner_id": "712424230300",
            "private_dns_hostname_type_on_launch": "ip-name",
            "tags": {
              "Name": "private-us-east-1b"
            },
            "tags_all": {
              "Name": "private-us-east-1b"
            },
            "timeouts": null,
            "vpc_id": "vpc-07a02d8562d9c6687"
          },
          "sensitive_attributes": [],
          "private": "eyJlMmJmYjczMC1lY2FhLTExZTYtOGY4OC0zNDM2M2JjN2M0YzAiOnsiY3JlYXRlIjo2MDAwMDAwMDAwMDAsImRlbGV0ZSI6MTIwMDAwMDAwMDAwMH0sInNjaGVtYV92ZXJzaW9uIjoiMSJ9",
          "dependencies": [
            "module.VPC.aws_vpc.main"
          ]
        }
      ]
    },
    {
      "module": "module.VPC",
      "mode": "managed",
      "type": "aws_subnet",
      "name": "public_us_east_1a",
      "provider": "provider[\"registry.terraform.io/hashicorp/aws\"]",
      "instances": [
        {
          "schema_version": 1,
          "attributes": {
            "arn": "arn:aws:ec2:us-east-1:712424230300:subnet/subnet-0998b90b4930c6317",
            "assign_ipv6_address_on_creation": false,
            "availability_zone": "us-east-1a",
            "availability_zone_id": "use1-az2",
            "cidr_block": "10.0.64.0/19",
            "customer_owned_ipv4_pool": "",
            "enable_dns64": false,
            "enable_resource_name_dns_a_record_on_launch": false,
            "enable_resource_name_dns_aaaa_record_on_launch": false,
            "id": "subnet-0998b90b4930c6317",
            "ipv6_cidr_block": "",
            "ipv6_cidr_block_association_id": "",
            "ipv6_native": false,
            "map_customer_owned_ip_on_launch": false,
            "map_public_ip_on_launch": true,
            "outpost_arn": "",
            "owner_id": "712424230300",
            "private_dns_hostname_type_on_launch": "ip-name",
            "tags": {
              "Name": "public-us-east-1a"
            },
            "tags_all": {
              "Name": "public-us-east-1a"
            },
            "timeouts": null,
            "vpc_id": "vpc-07a02d8562d9c6687"
          },
          "sensitive_attributes": [],
          "private": "eyJlMmJmYjczMC1lY2FhLTExZTYtOGY4OC0zNDM2M2JjN2M0YzAiOnsiY3JlYXRlIjo2MDAwMDAwMDAwMDAsImRlbGV0ZSI6MTIwMDAwMDAwMDAwMH0sInNjaGVtYV92ZXJzaW9uIjoiMSJ9",
          "dependencies": [
            "module.VPC.aws_vpc.main"
          ]
        }
      ]
    },
    {
      "module": "module.VPC",
      "mode": "managed",
      "type": "aws_subnet",
      "name": "public_us_east_1b",
      "provider": "provider[\"registry.terraform.io/hashicorp/aws\"]",
      "instances": [
        {
          "schema_version": 1,
          "attributes": {
            "arn": "arn:aws:ec2:us-east-1:712424230300:subnet/subnet-0e79f0e82c61ecc6c",
            "assign_ipv6_address_on_creation": false,
            "availability_zone": "us-east-1b",
            "availability_zone_id": "use1-az4",
            "cidr_block": "10.0.96.0/19",
            "customer_owned_ipv4_pool": "",
            "enable_dns64": false,
            "enable_resource_name_dns_a_record_on_launch": false,
            "enable_resource_name_dns_aaaa_record_on_launch": false,
            "id": "subnet-0e79f0e82c61ecc6c",
            "ipv6_cidr_block": "",
            "ipv6_cidr_block_association_id": "",
            "ipv6_native": false,
            "map_customer_owned_ip_on_launch": false,
            "map_public_ip_on_launch": true,
            "outpost_arn": "",
            "owner_id": "712424230300",
            "private_dns_hostname_type_on_launch": "ip-name",
            "tags": {
              "Name": "public-us-east-1b"
            },
            "tags_all": {
              "Name": "public-us-east-1b"
            },
            "timeouts": null,
            "vpc_id": "vpc-07a02d8562d9c6687"
          },
          "sensitive_attributes": [],
          "private": "eyJlMmJmYjczMC1lY2FhLTExZTYtOGY4OC0zNDM2M2JjN2M0YzAiOnsiY3JlYXRlIjo2MDAwMDAwMDAwMDAsImRlbGV0ZSI6MTIwMDAwMDAwMDAwMH0sInNjaGVtYV92ZXJzaW9uIjoiMSJ9",
          "dependencies": [
            "module.VPC.aws_vpc.main"
          ]
        }
      ]
    },
    {
      "module": "module.VPC",
      "mode": "managed",
      "type": "aws_vpc",
      "name": "main",
      "provider": "provider[\"registry.terraform.io/hashicorp/aws\"]",
      "instances": [
        {
          "schema_version": 1,
          "attributes": {
            "arn": "arn:aws:ec2:us-east-1:712424230300:vpc/vpc-07a02d8562d9c6687",
            "assign_generated_ipv6_cidr_block": false,
            "cidr_block": "10.0.0.0/16",
            "default_network_acl_id": "acl-00720a3688d586e43",
            "default_route_table_id": "rtb-06c2e1b199f0d3361",
            "default_security_group_id": "sg-0a27f399748ad831a",
            "dhcp_options_id": "dopt-05e8e38aeb0eebe79",
            "enable_classiclink": false,
            "enable_classiclink_dns_support": false,
            "enable_dns_hostnames": false,
            "enable_dns_support": true,
            "id": "vpc-07a02d8562d9c6687",
            "instance_tenancy": "default",
            "ipv4_ipam_pool_id": null,
            "ipv4_netmask_length": null,
            "ipv6_association_id": "",
            "ipv6_cidr_block": "",
            "ipv6_cidr_block_network_border_group": "",
            "ipv6_ipam_pool_id": "",
            "ipv6_netmask_length": 0,
            "main_route_table_id": "rtb-06c2e1b199f0d3361",
            "owner_id": "712424230300",
            "tags": {
              "Name": "main"
            },
            "tags_all": {
              "Name": "main"
            }
          },
          "sensitive_attributes": [],
          "private": "eyJzY2hlbWFfdmVyc2lvbiI6IjEifQ=="
        }
      ]
    },
    {
      "module": "module.autoscalinggroup",
      "mode": "managed",
      "type": "aws_autoscaling_group",
      "name": "my_app_eg2",
      "provider": "provider[\"registry.terraform.io/hashicorp/aws\"]",
      "instances": [
        {
          "schema_version": 0,
          "attributes": {
            "arn": "arn:aws:autoscaling:us-east-1:712424230300:autoScalingGroup:3543d8ff-39bd-43e5-afd6-cf0bb82c49c3:autoScalingGroupName/my-app-eg2",
            "availability_zones": [
              "us-east-1a",
              "us-east-1b"
            ],
            "capacity_rebalance": false,
            "context": "",
            "default_cooldown": 300,
            "default_instance_warmup": 0,
            "desired_capacity": 3,
            "enabled_metrics": [],
            "force_delete": false,
            "force_delete_warm_pool": false,
            "health_check_grace_period": 300,
            "health_check_type": "EC2",
            "id": "my-app-eg2",
            "initial_lifecycle_hook": [],
            "instance_refresh": [],
            "launch_configuration": "",
            "launch_template": [],
            "load_balancers": [],
            "max_instance_lifetime": 0,
            "max_size": 5,
            "metrics_granularity": "1Minute",
            "min_elb_capacity": null,
            "min_size": 3,
            "mixed_instances_policy": [
              {
                "instances_distribution": [
                  {
                    "on_demand_allocation_strategy": "prioritized",
                    "on_demand_base_capacity": 0,
                    "on_demand_percentage_above_base_capacity": 100,
                    "spot_allocation_strategy": "lowest-price",
                    "spot_instance_pools": 2,
                    "spot_max_price": ""
                  }
                ],
                "launch_template": [
                  {
                    "launch_template_specification": [
                      {
                        "launch_template_id": "lt-0804e44a5fcb300bd",
                        "launch_template_name": "my-app-eg2",
                        "version": "$Default"
                      }
                    ],
                    "override": [
                      {
                        "instance_requirements": [],
                        "instance_type": "t2.micro",
                        "launch_template_specification": [],
                        "weighted_capacity": ""
                      }
                    ]
                  }
                ]
              }
            ],
            "name": "my-app-eg2",
            "name_prefix": "",
            "placement_group": "",
            "protect_from_scale_in": false,
            "service_linked_role_arn": "arn:aws:iam::712424230300:role/aws-service-role/autoscaling.amazonaws.com/AWSServiceRoleForAutoScaling",
            "suspended_processes": [],
            "tag": [],
            "tags": null,
            "target_group_arns": [
              "arn:aws:elasticloadbalancing:us-east-1:712424230300:targetgroup/my-app-eg1/5f774412b089cf9f"
            ],
            "termination_policies": [],
            "timeouts": null,
            "vpc_zone_identifier": [
              "subnet-079d03cd02c91ec2f",
              "subnet-0a4743bef6d674c9a"
            ],
            "wait_for_capacity_timeout": "10m",
            "wait_for_elb_capacity": null,
            "warm_pool": []
          },
          "sensitive_attributes": [],
          "private": "eyJlMmJmYjczMC1lY2FhLTExZTYtOGY4OC0zNDM2M2JjN2M0YzAiOnsiZGVsZXRlIjo2MDAwMDAwMDAwMDAsInVwZGF0ZSI6NjAwMDAwMDAwMDAwfX0=",
          "dependencies": [
            "module.VPC.aws_subnet.private_us_east_1a",
            "module.VPC.aws_subnet.private_us_east_1b",
            "module.VPC.aws_subnet.public_us_east_1a",
            "module.VPC.aws_vpc.main",
            "module.autoscalinggroup.aws_launch_template.my_app_eg2",
            "module.ec_2.aws_ami_from_instance.example",
            "module.ec_2.aws_instance.web",
            "module.ec_2.aws_key_pair.key-tf",
            "module.loadbalancer.aws_lb_target_group.my_app_eg1",
            "module.securitygroup.aws_security_group.alb_eg1",
            "module.securitygroup.aws_security_group.ec2_eg1"
          ]
        }
      ]
    },
    {
      "module": "module.autoscalinggroup",
      "mode": "managed",
      "type": "aws_autoscaling_policy",
      "name": "my_app_eg2",
      "provider": "provider[\"registry.terraform.io/hashicorp/aws\"]",
      "instances": [
        {
          "schema_version": 0,
          "attributes": {
            "adjustment_type": "",
            "arn": "arn:aws:autoscaling:us-east-1:712424230300:scalingPolicy:f31e91c5-62bf-4fa9-a221-c56291710265:autoScalingGroupName/my-app-eg2:policyName/my-app-eg2",
            "autoscaling_group_name": "my-app-eg2",
            "cooldown": 0,
            "enabled": true,
            "estimated_instance_warmup": 300,
            "id": "my-app-eg2",
            "metric_aggregation_type": "",
            "min_adjustment_magnitude": null,
            "name": "my-app-eg2",
            "policy_type": "TargetTrackingScaling",
            "predictive_scaling_configuration": [],
            "scaling_adjustment": 0,
            "step_adjustment": [],
            "target_tracking_configuration": [
              {
                "customized_metric_specification": [],
                "disable_scale_in": false,
                "predefined_metric_specification": [
                  {
                    "predefined_metric_type": "ASGAverageCPUUtilization",
                    "resource_label": ""
                  }
                ],
                "target_value": 25
              }
            ]
          },
          "sensitive_attributes": [],
          "private": "bnVsbA==",
          "dependencies": [
            "module.VPC.aws_subnet.private_us_east_1a",
            "module.VPC.aws_subnet.private_us_east_1b",
            "module.VPC.aws_subnet.public_us_east_1a",
            "module.VPC.aws_vpc.main",
            "module.autoscalinggroup.aws_autoscaling_group.my_app_eg2",
            "module.autoscalinggroup.aws_launch_template.my_app_eg2",
            "module.ec_2.aws_ami_from_instance.example",
            "module.ec_2.aws_instance.web",
            "module.ec_2.aws_key_pair.key-tf",
            "module.loadbalancer.aws_lb_target_group.my_app_eg1",
            "module.securitygroup.aws_security_group.alb_eg1",
            "module.securitygroup.aws_security_group.ec2_eg1"
          ]
        }
      ]
    },
    {
      "module": "module.autoscalinggroup",
      "mode": "managed",
      "type": "aws_launch_template",
      "name": "my_app_eg2",
      "provider": "provider[\"registry.terraform.io/hashicorp/aws\"]",
      "instances": [
        {
          "schema_version": 0,
          "attributes": {
            "arn": "arn:aws:ec2:us-east-1:712424230300:launch-template/lt-0804e44a5fcb300bd",
            "block_device_mappings": [],
            "capacity_reservation_specification": [],
            "cpu_options": [],
            "credit_specification": [],
            "default_version": 1,
            "description": "",
            "disable_api_stop": false,
            "disable_api_termination": false,
            "ebs_optimized": "",
            "elastic_gpu_specifications": [],
            "elastic_inference_accelerator": [],
            "enclave_options": [],
            "hibernation_options": [],
            "iam_instance_profile": [],
            "id": "lt-0804e44a5fcb300bd",
            "image_id": "ami-0303aa21b62c40258",
            "instance_initiated_shutdown_behavior": "",
            "instance_market_options": [],
            "instance_requirements": [],
            "instance_type": "",
            "kernel_id": "",
            "key_name": "key-tf",
            "latest_version": 1,
            "license_specification": [],
            "maintenance_options": [],
            "metadata_options": [],
            "monitoring": [],
            "name": "my-app-eg2",
            "name_prefix": "",
            "network_interfaces": [],
            "placement": [],
            "private_dns_name_options": [],
            "ram_disk_id": "",
            "security_group_names": [],
            "tag_specifications": [],
            "tags": {},
            "tags_all": {},
            "update_default_version": null,
            "user_data": "",
            "vpc_security_group_ids": [
              "sg-030b44847df601a44"
            ]
          },
          "sensitive_attributes": [],
          "private": "bnVsbA==",
          "dependencies": [
            "module.VPC.aws_subnet.public_us_east_1a",
            "module.VPC.aws_vpc.main",
            "module.ec_2.aws_ami_from_instance.example",
            "module.ec_2.aws_instance.web",
            "module.ec_2.aws_key_pair.key-tf",
            "module.securitygroup.aws_security_group.alb_eg1",
            "module.securitygroup.aws_security_group.ec2_eg1"
          ]
        }
      ]
    },
    {
      "module": "module.ec_2",
      "mode": "managed",
      "type": "aws_ami_from_instance",
      "name": "example",
      "provider": "provider[\"registry.terraform.io/hashicorp/aws\"]",
      "instances": [
        {
          "schema_version": 0,
          "attributes": {
            "architecture": "x86_64",
            "arn": "arn:aws:ec2:us-east-1::image/ami-0303aa21b62c40258",
            "boot_mode": "",
            "deprecation_time": "",
            "description": "",
            "ebs_block_device": [
              {
                "delete_on_termination": true,
                "device_name": "/dev/sda1",
                "encrypted": false,
                "iops": 0,
                "outpost_arn": "",
                "snapshot_id": "snap-087c1b5088d42b602",
                "throughput": 0,
                "volume_size": 8,
                "volume_type": "gp2"
              }
            ],
            "ena_support": true,
            "ephemeral_block_device": [
              {
                "device_name": "/dev/sdb",
                "virtual_name": "ephemeral0"
              },
              {
                "device_name": "/dev/sdc",
                "virtual_name": "ephemeral1"
              }
            ],
            "hypervisor": "xen",
            "id": "ami-0303aa21b62c40258",
            "image_location": "712424230300/terraform-example",
            "image_owner_alias": "",
            "image_type": "machine",
            "kernel_id": "",
            "manage_ebs_snapshots": true,
            "name": "terraform-example",
            "owner_id": "712424230300",
            "platform": "",
            "platform_details": "Linux/UNIX",
            "public": false,
            "ramdisk_id": "",
            "root_device_name": "/dev/sda1",
            "root_snapshot_id": "snap-087c1b5088d42b602",
            "snapshot_without_reboot": null,
            "source_instance_id": "i-03086d6bc8c054f68",
            "sriov_net_support": "simple",
            "tags": {},
            "tags_all": {},
            "timeouts": null,
            "tpm_support": "",
            "usage_operation": "RunInstances",
            "virtualization_type": "hvm"
          },
          "sensitive_attributes": [],
          "private": "eyJlMmJmYjczMC1lY2FhLTExZTYtOGY4OC0zNDM2M2JjN2M0YzAiOnsiY3JlYXRlIjoyNDAwMDAwMDAwMDAwLCJkZWxldGUiOjU0MDAwMDAwMDAwMDAsInVwZGF0ZSI6MjQwMDAwMDAwMDAwMH19",
          "dependencies": [
            "module.VPC.aws_subnet.public_us_east_1a",
            "module.VPC.aws_vpc.main",
            "module.ec_2.aws_instance.web",
            "module.ec_2.aws_key_pair.key-tf",
            "module.securitygroup.aws_security_group.alb_eg1",
            "module.securitygroup.aws_security_group.ec2_eg1"
          ]
        }
      ]
    },
    {
      "module": "module.ec_2",
      "mode": "managed",
      "type": "aws_instance",
      "name": "web",
      "provider": "provider[\"registry.terraform.io/hashicorp/aws\"]",
      "instances": [
        {
          "schema_version": 1,
          "attributes": {
            "ami": "ami-0aa2b7722dc1b5612",
            "arn": "arn:aws:ec2:us-east-1:712424230300:instance/i-03086d6bc8c054f68",
            "associate_public_ip_address": true,
            "availability_zone": "us-east-1a",
            "capacity_reservation_specification": [
              {
                "capacity_reservation_preference": "open",
                "capacity_reservation_target": []
              }
            ],
            "cpu_core_count": 1,
            "cpu_threads_per_core": 1,
            "credit_specification": [
              {
                "cpu_credits": "standard"
              }
            ],
            "disable_api_stop": false,
            "disable_api_termination": false,
            "ebs_block_device": [],
            "ebs_optimized": false,
            "enclave_options": [
              {
                "enabled": false
              }
            ],
            "ephemeral_block_device": [],
            "get_password_data": false,
            "hibernation": false,
            "host_id": null,
            "host_resource_group_arn": null,
            "iam_instance_profile": "",
            "id": "i-03086d6bc8c054f68",
            "instance_initiated_shutdown_behavior": "stop",
            "instance_state": "running",
            "instance_type": "t2.micro",
            "ipv6_address_count": 0,
            "ipv6_addresses": [],
            "key_name": "key-tf",
            "launch_template": [],
            "maintenance_options": [
              {
                "auto_recovery": "default"
              }
            ],
            "metadata_options": [
              {
                "http_endpoint": "enabled",
                "http_put_response_hop_limit": 1,
                "http_tokens": "optional",
                "instance_metadata_tags": "disabled"
              }
            ],
            "monitoring": false,
            "network_interface": [],
            "outpost_arn": "",
            "password_data": "",
            "placement_group": "",
            "placement_partition_number": null,
            "primary_network_interface_id": "eni-07ee254f5d96982e4",
            "private_dns": "ip-10-0-82-18.ec2.internal",
            "private_dns_name_options": [
              {
                "enable_resource_name_dns_a_record": false,
                "enable_resource_name_dns_aaaa_record": false,
                "hostname_type": "ip-name"
              }
            ],
            "private_ip": "10.0.82.18",
            "public_dns": "",
            "public_ip": "54.175.211.174",
            "root_block_device": [
              {
                "delete_on_termination": true,
                "device_name": "/dev/sda1",
                "encrypted": false,
                "iops": 100,
                "kms_key_id": "",
                "tags": {},
                "throughput": 0,
                "volume_id": "vol-07b8055ed343db109",
                "volume_size": 8,
                "volume_type": "gp2"
              }
            ],
            "secondary_private_ips": [],
            "security_groups": [],
            "source_dest_check": true,
            "subnet_id": "subnet-0998b90b4930c6317",
            "tags": {
              "Name": "terraform-first-instance"
            },
            "tags_all": {
              "Name": "terraform-first-instance"
            },
            "tenancy": "default",
            "timeouts": null,
            "user_data": "3f3c4edebc0ac38c80136bb2ec8e7f2e428662fb",
            "user_data_base64": null,
            "user_data_replace_on_change": false,
            "volume_tags": null,
            "vpc_security_group_ids": [
              "sg-030b44847df601a44"
            ]
          },
          "sensitive_attributes": [],
          "private": "eyJlMmJmYjczMC1lY2FhLTExZTYtOGY4OC0zNDM2M2JjN2M0YzAiOnsiY3JlYXRlIjo2MDAwMDAwMDAwMDAsImRlbGV0ZSI6MTIwMDAwMDAwMDAwMCwidXBkYXRlIjo2MDAwMDAwMDAwMDB9LCJzY2hlbWFfdmVyc2lvbiI6IjEifQ==",
          "dependencies": [
            "module.VPC.aws_subnet.public_us_east_1a",
            "module.VPC.aws_vpc.main",
            "module.ec_2.aws_key_pair.key-tf",
            "module.securitygroup.aws_security_group.alb_eg1",
            "module.securitygroup.aws_security_group.ec2_eg1"
          ]
        }
      ]
    },
    {
      "module": "module.ec_2",
      "mode": "managed",
      "type": "aws_key_pair",
      "name": "key-tf",
      "provider": "provider[\"registry.terraform.io/hashicorp/aws\"]",
      "instances": [
        {
          "schema_version": 1,
          "attributes": {
            "arn": "arn:aws:ec2:us-east-1:712424230300:key-pair/key-tf",
            "fingerprint": "5d:4f:f7:34:de:12:d4:4f:2b:ac:e4:ed:69:34:63:03",
            "id": "key-tf",
            "key_name": "key-tf",
            "key_name_prefix": "",
            "key_pair_id": "key-058219aa8dc08adaa",
            "key_type": "rsa",
            "public_key": "ssh-rsa AAAAB3NzaC1yc2EAAAADAQABAAABgQDLtqx5FlsKDlzuxr9OX946zl2mzRy5WHs+MIOsAbB+TF480TMCnm5DSJ+B98bNAGUL/antRa0OU1rfjWOT/+Vtl3BxoBRVyp83RVR9ML2pjhR4YgZBtr5AcsM8O0M01NncI3GaZ3Xm/kmugYXq6W0d374cYwC1/ydXuFUxLaVrsHHN7HWURtq6qN1II1JILQ4AC75Mhm1mS3y6YBOzTLwmST0oWZwNKtElD5M5wZmrKCsIda+tifEfHmOmf69Y4r2egLAzhU/H0WRbxNkYIiQ7+bYupuZFM8EZktEcrQDN7jtY6f8A5DmCZ40Xi9fBYR3iMDPmDEn3ICka69Mjr2Wq/MCdc6tduU+TXpUAjvHJ2d2KfO1mur+RcT4p5mjuCOuK4eDoU3WDSsU/r+DPhpESjYj9LjKbFN6SPCJvBVeXUD1KpQBHrtZu1Q79ZHCN5GQdkLvyY/zs+6Xx62sPHe8hH4xmwI/ytJin6c2SB2Z0NSZdlKg72pbWYyneb4ef7Zk= himanshi@RTC-DLLA45",
            "tags": {},
            "tags_all": {}
          },
          "sensitive_attributes": [],
          "private": "eyJzY2hlbWFfdmVyc2lvbiI6IjEifQ=="
        }
      ]
    },
    {
      "module": "module.loadbalancer",
      "mode": "managed",
      "type": "aws_lb",
      "name": "my_app_eg1",
      "provider": "provider[\"registry.terraform.io/hashicorp/aws\"]",
      "instances": [
        {
          "schema_version": 0,
          "attributes": {
            "access_logs": [
              {
                "bucket": "",
                "enabled": false,
                "prefix": ""
              }
            ],
            "arn": "arn:aws:elasticloadbalancing:us-east-1:712424230300:loadbalancer/app/my-app-eg1/7097139336062ea3",
            "arn_suffix": "app/my-app-eg1/7097139336062ea3",
            "customer_owned_ipv4_pool": "",
            "desync_mitigation_mode": "defensive",
            "dns_name": "my-app-eg1-812614913.us-east-1.elb.amazonaws.com",
            "drop_invalid_header_fields": false,
            "enable_cross_zone_load_balancing": true,
            "enable_deletion_protection": false,
            "enable_http2": true,
            "enable_waf_fail_open": false,
            "id": "arn:aws:elasticloadbalancing:us-east-1:712424230300:loadbalancer/app/my-app-eg1/7097139336062ea3",
            "idle_timeout": 60,
            "internal": false,
            "ip_address_type": "ipv4",
            "load_balancer_type": "application",
            "name": "my-app-eg1",
            "name_prefix": null,
            "preserve_host_header": false,
            "security_groups": [
              "sg-06f142d5b1008a29a"
            ],
            "subnet_mapping": [
              {
                "allocation_id": "",
                "ipv6_address": "",
                "outpost_id": "",
                "private_ipv4_address": "",
                "subnet_id": "subnet-0998b90b4930c6317"
              },
              {
                "allocation_id": "",
                "ipv6_address": "",
                "outpost_id": "",
                "private_ipv4_address": "",
                "subnet_id": "subnet-0e79f0e82c61ecc6c"
              }
            ],
            "subnets": [
              "subnet-0998b90b4930c6317",
              "subnet-0e79f0e82c61ecc6c"
            ],
            "tags": {},
            "tags_all": {},
            "timeouts": null,
            "vpc_id": "vpc-07a02d8562d9c6687",
            "zone_id": "Z35SXDOTRQ7X7K"
          },
          "sensitive_attributes": [],
          "private": "eyJlMmJmYjczMC1lY2FhLTExZTYtOGY4OC0zNDM2M2JjN2M0YzAiOnsiY3JlYXRlIjo2MDAwMDAwMDAwMDAsImRlbGV0ZSI6NjAwMDAwMDAwMDAwLCJ1cGRhdGUiOjYwMDAwMDAwMDAwMH19",
          "dependencies": [
            "module.VPC.aws_subnet.public_us_east_1a",
            "module.VPC.aws_subnet.public_us_east_1b",
            "module.VPC.aws_vpc.main",
            "module.securitygroup.aws_security_group.alb_eg1"
          ]
        }
      ]
    },
    {
      "module": "module.loadbalancer",
      "mode": "managed",
      "type": "aws_lb_listener",
      "name": "http_eg1",
      "provider": "provider[\"registry.terraform.io/hashicorp/aws\"]",
      "instances": [
        {
          "schema_version": 0,
          "attributes": {
            "alpn_policy": null,
            "arn": "arn:aws:elasticloadbalancing:us-east-1:712424230300:listener/app/my-app-eg1/7097139336062ea3/a467ee8308e3fa40",
            "certificate_arn": null,
            "default_action": [
              {
                "authenticate_cognito": [],
                "authenticate_oidc": [],
                "fixed_response": [],
                "forward": [],
                "order": 1,
                "redirect": [],
                "target_group_arn": "arn:aws:elasticloadbalancing:us-east-1:712424230300:targetgroup/my-app-eg1/5f774412b089cf9f",
                "type": "forward"
              }
            ],
            "id": "arn:aws:elasticloadbalancing:us-east-1:712424230300:listener/app/my-app-eg1/7097139336062ea3/a467ee8308e3fa40",
            "load_balancer_arn": "arn:aws:elasticloadbalancing:us-east-1:712424230300:loadbalancer/app/my-app-eg1/7097139336062ea3",
            "port": 80,
            "protocol": "HTTP",
            "ssl_policy": "",
            "tags": {},
            "tags_all": {},
            "timeouts": null
          },
          "sensitive_attributes": [],
          "private": "eyJlMmJmYjczMC1lY2FhLTExZTYtOGY4OC0zNDM2M2JjN2M0YzAiOnsicmVhZCI6NjAwMDAwMDAwMDAwfX0=",
          "dependencies": [
            "module.VPC.aws_subnet.public_us_east_1a",
            "module.VPC.aws_subnet.public_us_east_1b",
            "module.VPC.aws_vpc.main",
            "module.loadbalancer.aws_lb.my_app_eg1",
            "module.loadbalancer.aws_lb_target_group.my_app_eg1",
            "module.securitygroup.aws_security_group.alb_eg1"
          ]
        }
      ]
    },
    {
      "module": "module.loadbalancer",
      "mode": "managed",
      "type": "aws_lb_target_group",
      "name": "my_app_eg1",
      "provider": "provider[\"registry.terraform.io/hashicorp/aws\"]",
      "instances": [
        {
          "schema_version": 0,
          "attributes": {
            "arn": "arn:aws:elasticloadbalancing:us-east-1:712424230300:targetgroup/my-app-eg1/5f774412b089cf9f",
            "arn_suffix": "targetgroup/my-app-eg1/5f774412b089cf9f",
            "connection_termination": false,
            "deregistration_delay": "300",
            "health_check": [
              {
                "enabled": true,
                "healthy_threshold": 3,
                "interval": 30,
                "matcher": "200",
                "path": "/",
                "port": "80",
                "protocol": "HTTP",
                "timeout": 5,
                "unhealthy_threshold": 3
              }
            ],
            "id": "arn:aws:elasticloadbalancing:us-east-1:712424230300:targetgroup/my-app-eg1/5f774412b089cf9f",
            "ip_address_type": null,
            "lambda_multi_value_headers_enabled": false,
            "load_balancing_algorithm_type": "round_robin",
            "name": "my-app-eg1",
            "name_prefix": null,
            "port": 80,
            "preserve_client_ip": null,
            "protocol": "HTTP",
            "protocol_version": "HTTP1",
            "proxy_protocol_v2": false,
            "slow_start": 0,
            "stickiness": [
              {
                "cookie_duration": 86400,
                "cookie_name": "",
                "enabled": false,
                "type": "lb_cookie"
              }
            ],
            "tags": {},
            "tags_all": {},
            "target_type": "instance",
            "vpc_id": "vpc-07a02d8562d9c6687"
          },
          "sensitive_attributes": [],
          "private": "bnVsbA==",
          "dependencies": [
            "module.VPC.aws_vpc.main"
          ]
        }
      ]
    },
    {
      "module": "module.loadbalancer",
      "mode": "managed",
      "type": "aws_lb_target_group_attachment",
      "name": "test",
      "provider": "provider[\"registry.terraform.io/hashicorp/aws\"]",
      "instances": [
        {
          "schema_version": 0,
          "attributes": {
            "availability_zone": null,
            "id": "arn:aws:elasticloadbalancing:us-east-1:712424230300:targetgroup/my-app-eg1/5f774412b089cf9f-20230523075134712400000001",
            "port": 80,
            "target_group_arn": "arn:aws:elasticloadbalancing:us-east-1:712424230300:targetgroup/my-app-eg1/5f774412b089cf9f",
            "target_id": "i-03086d6bc8c054f68"
          },
          "sensitive_attributes": [],
          "private": "bnVsbA==",
          "dependencies": [
            "module.VPC.aws_subnet.public_us_east_1a",
            "module.VPC.aws_vpc.main",
            "module.ec_2.aws_instance.web",
            "module.ec_2.aws_key_pair.key-tf",
            "module.loadbalancer.aws_lb_target_group.my_app_eg1",
            "module.securitygroup.aws_security_group.alb_eg1",
            "module.securitygroup.aws_security_group.ec2_eg1"
          ]
        }
      ]
    },
    {
      "module": "module.securitygroup",
      "mode": "managed",
      "type": "aws_security_group",
      "name": "alb_eg1",
      "provider": "provider[\"registry.terraform.io/hashicorp/aws\"]",
      "instances": [
        {
          "schema_version": 1,
          "attributes": {
            "arn": "arn:aws:ec2:us-east-1:712424230300:security-group/sg-06f142d5b1008a29a",
            "description": "Managed by Terraform",
            "egress": [
              {
                "cidr_blocks": [
                  "0.0.0.0/0"
                ],
                "description": "",
                "from_port": 0,
                "ipv6_cidr_blocks": [
                  "::/0"
                ],
                "prefix_list_ids": [],
                "protocol": "-1",
                "security_groups": [],
                "self": false,
                "to_port": 0
              }
            ],
            "id": "sg-06f142d5b1008a29a",
            "ingress": [
              {
                "cidr_blocks": [
                  "0.0.0.0/0"
                ],
                "description": "TLS from VPC",
                "from_port": 22,
                "ipv6_cidr_blocks": [],
                "prefix_list_ids": [],
                "protocol": "tcp",
                "security_groups": [],
                "self": false,
                "to_port": 22
              },
              {
                "cidr_blocks": [
                  "0.0.0.0/0"
                ],
                "description": "TLS from VPC",
                "from_port": 80,
                "ipv6_cidr_blocks": [],
                "prefix_list_ids": [],
                "protocol": "tcp",
                "security_groups": [],
                "self": false,
                "to_port": 80
              }
            ],
            "name": "alb-eg1",
            "name_prefix": "",
            "owner_id": "712424230300",
            "revoke_rules_on_delete": false,
            "tags": {},
            "tags_all": {},
            "timeouts": null,
            "vpc_id": "vpc-07a02d8562d9c6687"
          },
          "sensitive_attributes": [],
          "private": "eyJlMmJmYjczMC1lY2FhLTExZTYtOGY4OC0zNDM2M2JjN2M0YzAiOnsiY3JlYXRlIjo2MDAwMDAwMDAwMDAsImRlbGV0ZSI6OTAwMDAwMDAwMDAwfSwic2NoZW1hX3ZlcnNpb24iOiIxIn0=",
          "dependencies": [
            "module.VPC.aws_vpc.main"
          ]
        }
      ]
    },
    {
      "module": "module.securitygroup",
      "mode": "managed",
      "type": "aws_security_group",
      "name": "ec2_eg1",
      "provider": "provider[\"registry.terraform.io/hashicorp/aws\"]",
      "instances": [
        {
          "schema_version": 1,
          "attributes": {
            "arn": "arn:aws:ec2:us-east-1:712424230300:security-group/sg-030b44847df601a44",
            "description": "Managed by Terraform",
            "egress": [
              {
                "cidr_blocks": [
                  "0.0.0.0/0"
                ],
                "description": "",
                "from_port": 0,
                "ipv6_cidr_blocks": [
                  "::/0"
                ],
                "prefix_list_ids": [],
                "protocol": "-1",
                "security_groups": [],
                "self": false,
                "to_port": 0
              }
            ],
            "id": "sg-030b44847df601a44",
            "ingress": [
              {
                "cidr_blocks": [
                  "0.0.0.0/0"
                ],
                "description": "TLS from VPC",
                "from_port": 22,
                "ipv6_cidr_blocks": [],
                "prefix_list_ids": [],
                "protocol": "tcp",
                "security_groups": [
                  "sg-06f142d5b1008a29a"
                ],
                "self": false,
                "to_port": 22
              },
              {
                "cidr_blocks": [
                  "0.0.0.0/0"
                ],
                "description": "TLS from VPC",
                "from_port": 80,
                "ipv6_cidr_blocks": [],
                "prefix_list_ids": [],
                "protocol": "tcp",
                "security_groups": [
                  "sg-06f142d5b1008a29a"
                ],
                "self": false,
                "to_port": 80
              }
            ],
            "name": "ec2-eg1",
            "name_prefix": "",
            "owner_id": "712424230300",
            "revoke_rules_on_delete": false,
            "tags": {},
            "tags_all": {},
            "timeouts": null,
            "vpc_id": "vpc-07a02d8562d9c6687"
          },
          "sensitive_attributes": [],
          "private": "eyJlMmJmYjczMC1lY2FhLTExZTYtOGY4OC0zNDM2M2JjN2M0YzAiOnsiY3JlYXRlIjo2MDAwMDAwMDAwMDAsImRlbGV0ZSI6OTAwMDAwMDAwMDAwfSwic2NoZW1hX3ZlcnNpb24iOiIxIn0=",
          "dependencies": [
            "module.VPC.aws_vpc.main",
            "module.securitygroup.aws_security_group.alb_eg1"
          ]
        }
      ]
    }
  ],
  "check_results": null
}
